
Microsoft Visual Studio Solution File, Format Version 12.00
# Visual Studio Version 17
VisualStudioVersion = 17.7.34024.191
MinimumVisualStudioVersion = 10.0.40219.1
Project("{FAE04EC0-301F-11D3-BF4B-00C04F79EFBC}") = "AbstractClass", "Polymorphism\AbstractClass.csproj", "{DD59CCC3-A343-44DD-8D26-319F66C2D075}"
EndProject
Project("{FAE04EC0-301F-11D3-BF4B-00C04F79EFBC}") = "Interface", "Interface\Interface.csproj", "{9135FF56-A476-4A95-B648-89C373C2C213}"
EndProject
Project("{FAE04EC0-301F-11D3-BF4B-00C04F79EFBC}") = "ConstAndReadonly", "ConstAndReadonly\ConstAndReadonly.csproj", "{91FE893B-55B1-41B5-8A00-33AF543950AE}"
EndProject
Project("{FAE04EC0-301F-11D3-BF4B-00C04F79EFBC}") = "YieldKeyword", "YieldKeyword\YieldKeyword.csproj", "{35626527-DA3C-4218-9137-CFC258BC00B6}"
EndProject
Project("{FAE04EC0-301F-11D3-BF4B-00C04F79EFBC}") = "ExtensionMethod", "ExtensionMethod\ExtensionMethod.csproj", "{C65DDAE8-C260-492F-847C-F7492D0B3214}"
EndProject
Project("{FAE04EC0-301F-11D3-BF4B-00C04F79EFBC}") = "EventsAndDelegates", "EventsAndDelegates\EventsAndDelegates.csproj", "{352EBCC7-9D71-4BFD-8BEE-81280529A094}"
EndProject
Project("{FAE04EC0-301F-11D3-BF4B-00C04F79EFBC}") = "BuilderPattern", "BuilderPattern\BuilderPattern.csproj", "{66840D3F-6865-4214-9C4C-4FCAFF02F2CE}"
EndProject
Global
	GlobalSection(SolutionConfigurationPlatforms) = preSolution
		Debug|Any CPU = Debug|Any CPU
		Release|Any CPU = Release|Any CPU
	EndGlobalSection
	GlobalSection(ProjectConfigurationPlatforms) = postSolution
		{DD59CCC3-A343-44DD-8D26-319F66C2D075}.Debug|Any CPU.ActiveCfg = Debug|Any CPU
		{DD59CCC3-A343-44DD-8D26-319F66C2D075}.Debug|Any CPU.Build.0 = Debug|Any CPU
		{DD59CCC3-A343-44DD-8D26-319F66C2D075}.Release|Any CPU.ActiveCfg = Release|Any CPU
		{DD59CCC3-A343-44DD-8D26-319F66C2D075}.Release|Any CPU.Build.0 = Release|Any CPU
		{9135FF56-A476-4A95-B648-89C373C2C213}.Debug|Any CPU.ActiveCfg = Debug|Any CPU
		{9135FF56-A476-4A95-B648-89C373C2C213}.Debug|Any CPU.Build.0 = Debug|Any CPU
		{9135FF56-A476-4A95-B648-89C373C2C213}.Release|Any CPU.ActiveCfg = Release|Any CPU
		{9135FF56-A476-4A95-B648-89C373C2C213}.Release|Any CPU.Build.0 = Release|Any CPU
		{91FE893B-55B1-41B5-8A00-33AF543950AE}.Debug|Any CPU.ActiveCfg = Debug|Any CPU
		{91FE893B-55B1-41B5-8A00-33AF543950AE}.Debug|Any CPU.Build.0 = Debug|Any CPU
		{91FE893B-55B1-41B5-8A00-33AF543950AE}.Release|Any CPU.ActiveCfg = Release|Any CPU
		{91FE893B-55B1-41B5-8A00-33AF543950AE}.Release|Any CPU.Build.0 = Release|Any CPU
		{35626527-DA3C-4218-9137-CFC258BC00B6}.Debug|Any CPU.ActiveCfg = Debug|Any CPU
		{35626527-DA3C-4218-9137-CFC258BC00B6}.Debug|Any CPU.Build.0 = Debug|Any CPU
		{35626527-DA3C-4218-9137-CFC258BC00B6}.Release|Any CPU.ActiveCfg = Release|Any CPU
		{35626527-DA3C-4218-9137-CFC258BC00B6}.Release|Any CPU.Build.0 = Release|Any CPU
		{C65DDAE8-C260-492F-847C-F7492D0B3214}.Debug|Any CPU.ActiveCfg = Debug|Any CPU
		{C65DDAE8-C260-492F-847C-F7492D0B3214}.Debug|Any CPU.Build.0 = Debug|Any CPU
		{C65DDAE8-C260-492F-847C-F7492D0B3214}.Release|Any CPU.ActiveCfg = Release|Any CPU
		{C65DDAE8-C260-492F-847C-F7492D0B3214}.Release|Any CPU.Build.0 = Release|Any CPU
		{352EBCC7-9D71-4BFD-8BEE-81280529A094}.Debug|Any CPU.ActiveCfg = Debug|Any CPU
		{352EBCC7-9D71-4BFD-8BEE-81280529A094}.Debug|Any CPU.Build.0 = Debug|Any CPU
		{352EBCC7-9D71-4BFD-8BEE-81280529A094}.Release|Any CPU.ActiveCfg = Release|Any CPU
		{352EBCC7-9D71-4BFD-8BEE-81280529A094}.Release|Any CPU.Build.0 = Release|Any CPU
		{66840D3F-6865-4214-9C4C-4FCAFF02F2CE}.Debug|Any CPU.ActiveCfg = Debug|Any CPU
		{66840D3F-6865-4214-9C4C-4FCAFF02F2CE}.Debug|Any CPU.Build.0 = Debug|Any CPU
		{66840D3F-6865-4214-9C4C-4FCAFF02F2CE}.Release|Any CPU.ActiveCfg = Release|Any CPU
		{66840D3F-6865-4214-9C4C-4FCAFF02F2CE}.Release|Any CPU.Build.0 = Release|Any CPU
	EndGlobalSection
	GlobalSection(SolutionProperties) = preSolution
		HideSolutionNode = FALSE
	EndGlobalSection
	GlobalSection(ExtensibilityGlobals) = postSolution
		SolutionGuid = {0DA3935C-CBF8-42F6-BC81-61E4935688D3}
	EndGlobalSection
EndGlobal
